
Microsoft Visual Studio Solution File, Format Version 12.00
# Visual Studio Version 16
VisualStudioVersion = 25.0.1706.5
MinimumVisualStudioVersion = 10.0.40219.1
Project("{FAE04EC0-301F-11D3-BF4B-00C04F79EFBC}") = "ExtensionMethods", "ExtensionMethods\ExtensionMethods.csproj", "{54E1ACDC-A7D5-4EB4-93BE-7F795AF86C4A}"
EndProject
Project("{FAE04EC0-301F-11D3-BF4B-00C04F79EFBC}") = "ExtensionMethods.Test", "ShiftMethod-Test\ExtensionMethods.Test.csproj", "{BFE8E5AC-E48C-45DC-85A7-B4938BC011EC}"
EndProject
Global
	GlobalSection(SolutionConfigurationPlatforms) = preSolution
		Debug|Any CPU = Debug|Any CPU
		Release|Any CPU = Release|Any CPU
	EndGlobalSection
	GlobalSection(ProjectConfigurationPlatforms) = postSolution
		{54E1ACDC-A7D5-4EB4-93BE-7F795AF86C4A}.Debug|Any CPU.ActiveCfg = Debug|Any CPU
		{54E1ACDC-A7D5-4EB4-93BE-7F795AF86C4A}.Debug|Any CPU.Build.0 = Debug|Any CPU
		{54E1ACDC-A7D5-4EB4-93BE-7F795AF86C4A}.Release|Any CPU.ActiveCfg = Release|Any CPU
		{54E1ACDC-A7D5-4EB4-93BE-7F795AF86C4A}.Release|Any CPU.Build.0 = Release|Any CPU
		{BFE8E5AC-E48C-45DC-85A7-B4938BC011EC}.Debug|Any CPU.ActiveCfg = Debug|Any CPU
		{BFE8E5AC-E48C-45DC-85A7-B4938BC011EC}.Debug|Any CPU.Build.0 = Debug|Any CPU
		{BFE8E5AC-E48C-45DC-85A7-B4938BC011EC}.Release|Any CPU.ActiveCfg = Release|Any CPU
		{BFE8E5AC-E48C-45DC-85A7-B4938BC011EC}.Release|Any CPU.Build.0 = Release|Any CPU
	EndGlobalSection
	GlobalSection(SolutionProperties) = preSolution
		HideSolutionNode = FALSE
	EndGlobalSection
	GlobalSection(ExtensibilityGlobals) = postSolution
		SolutionGuid = {87428CB8-CA5F-4857-A649-0AE1B4CB2C39}
	EndGlobalSection
EndGlobal
